{
  "name": "VEDA-Notes",
  "version": "1.0.0",
  "lockfileVersion": 1,
  "requires": true,
  "dependencies": {
    "glsl-ascii-filter": {
      "version": "1.0.1",
      "resolved": "https://registry.npmjs.org/glsl-ascii-filter/-/glsl-ascii-filter-1.0.1.tgz",
      "integrity": "sha1-/9uCpClISNAgg81ZJnV6gv4oykY=",
      "requires": {
        "glsl-luma": "1.0.1"
      }
    },
    "glsl-atmosphere": {
      "version": "2.0.0",
      "resolved": "https://registry.npmjs.org/glsl-atmosphere/-/glsl-atmosphere-2.0.0.tgz",
      "integrity": "sha1-3uWm97M3/eZ6rjtyQP+kbmXN9Mw="
    },
    "glsl-camera-ray": {
      "version": "1.0.0",
      "resolved": "https://registry.npmjs.org/glsl-camera-ray/-/glsl-camera-ray-1.0.0.tgz",
      "integrity": "sha1-5a3+EjwCvIGMfds+QJwnOBepVe0=",
      "requires": {
        "glsl-look-at": "1.0.0"
      }
    },
    "glsl-cornell-box": {
      "version": "2.0.4",
      "resolved": "https://registry.npmjs.org/glsl-cornell-box/-/glsl-cornell-box-2.0.4.tgz",
      "integrity": "sha1-ZCkLj8IOu4JY0PnVEHnTgsWwIeU="
    },
    "glsl-diffuse-lambert": {
      "version": "1.0.0",
      "resolved": "https://registry.npmjs.org/glsl-diffuse-lambert/-/glsl-diffuse-lambert-1.0.0.tgz",
      "integrity": "sha1-pYpzjYbu7YPKmr2SSyTfJUNZFrA="
    },
    "glsl-diffuse-oren-nayar": {
      "version": "1.0.2",
      "resolved": "https://registry.npmjs.org/glsl-diffuse-oren-nayar/-/glsl-diffuse-oren-nayar-1.0.2.tgz",
      "integrity": "sha1-8LEIJEB338LIGu6NeKO133q61uQ="
    },
    "glsl-dither": {
      "version": "1.0.1",
      "resolved": "https://registry.npmjs.org/glsl-dither/-/glsl-dither-1.0.1.tgz",
      "integrity": "sha1-ZMe7c8t1gyeITYORXa6niuP79dY=",
      "requires": {
        "glsl-luma": "1.0.1"
      }
    },
    "glsl-fog": {
      "version": "0.0.1",
      "resolved": "https://registry.npmjs.org/glsl-fog/-/glsl-fog-0.0.1.tgz",
      "integrity": "sha1-4QTaukNDx06pQDikGz3ZcdVzcu4="
    },
    "glsl-hsv2rgb": {
      "version": "1.0.0",
      "resolved": "https://registry.npmjs.org/glsl-hsv2rgb/-/glsl-hsv2rgb-1.0.0.tgz",
      "integrity": "sha1-o/7W8zVJBqBD9BeVRCnab8dyW3M="
    },
    "glsl-look-at": {
      "version": "1.0.0",
      "resolved": "https://registry.npmjs.org/glsl-look-at/-/glsl-look-at-1.0.0.tgz",
      "integrity": "sha1-YzuxeVQcL9Xo9ZHW0t2dRR4on3s="
    },
    "glsl-luma": {
      "version": "1.0.1",
      "resolved": "https://registry.npmjs.org/glsl-luma/-/glsl-luma-1.0.1.tgz",
      "integrity": "sha1-tewq3muuG6aJA4cNjKRIORHHtfU="
    },
    "glsl-noise": {
      "version": "0.0.0",
      "resolved": "https://registry.npmjs.org/glsl-noise/-/glsl-noise-0.0.0.tgz",
      "integrity": "sha1-NndF86MzgsDu7Ey1S36Zz8HXZws="
    },
    "glsl-raytrace": {
      "version": "1.0.0",
      "resolved": "https://registry.npmjs.org/glsl-raytrace/-/glsl-raytrace-1.0.0.tgz",
      "integrity": "sha1-X9AiGAo21pUi4mRNMA/yCWaweN4="
    },
    "glsl-ruler": {
      "version": "1.0.1",
      "resolved": "https://registry.npmjs.org/glsl-ruler/-/glsl-ruler-1.0.1.tgz",
      "integrity": "sha1-fTIctB7gqTYUvJBvjEyTr7Vbn5M="
    },
    "glsl-sdf-normal": {
      "version": "1.0.0",
      "resolved": "https://registry.npmjs.org/glsl-sdf-normal/-/glsl-sdf-normal-1.0.0.tgz",
      "integrity": "sha1-Dj6QYXqSn2ieyr/3PdZuKCEUOu8="
    },
    "glsl-sdf-ops": {
      "version": "0.0.3",
      "resolved": "https://registry.npmjs.org/glsl-sdf-ops/-/glsl-sdf-ops-0.0.3.tgz",
      "integrity": "sha1-anxAkclA2tTGXOY8hdix6CHZ3iE="
    },
    "glsl-sdf-primitives": {
      "version": "0.0.1",
      "resolved": "https://registry.npmjs.org/glsl-sdf-primitives/-/glsl-sdf-primitives-0.0.1.tgz",
      "integrity": "sha1-ei+s7ZUPEPJycwxkK3WDSzWJXnA="
    },
    "glsl-specular-beckmann": {
      "version": "1.1.2",
      "resolved": "https://registry.npmjs.org/glsl-specular-beckmann/-/glsl-specular-beckmann-1.1.2.tgz",
      "integrity": "sha1-/OkFaTPs3yRWJ4N2pU0IKJPndfE="
    },
    "glsl-specular-blinn-phong": {
      "version": "1.0.2",
      "resolved": "https://registry.npmjs.org/glsl-specular-blinn-phong/-/glsl-specular-blinn-phong-1.0.2.tgz",
      "integrity": "sha1-Sc0FbZp28ELvzpTBvKPzjl5MzSc="
    },
    "glsl-specular-cook-torrance": {
      "version": "2.0.1",
      "resolved": "https://registry.npmjs.org/glsl-specular-cook-torrance/-/glsl-specular-cook-torrance-2.0.1.tgz",
      "integrity": "sha1-qJHMBsjHtPRyhwK0gk/ay7ln148=",
      "requires": {
        "glsl-specular-beckmann": "1.1.2"
      }
    },
    "glsl-specular-phong": {
      "version": "1.0.0",
      "resolved": "https://registry.npmjs.org/glsl-specular-phong/-/glsl-specular-phong-1.0.0.tgz",
      "integrity": "sha1-oEUICORinuZMy0YLfuBCWpe/YgQ="
    },
    "glsl-specular-ward": {
      "version": "1.0.0",
      "resolved": "https://registry.npmjs.org/glsl-specular-ward/-/glsl-specular-ward-1.0.0.tgz",
      "integrity": "sha1-KJNo71vU3JxyNUuN47yyLe8z6fY="
    },
    "glsl-square-frame": {
      "version": "1.0.1",
      "resolved": "https://registry.npmjs.org/glsl-square-frame/-/glsl-square-frame-1.0.1.tgz",
      "integrity": "sha1-YPA7nBMJrNpDW+hB14GU2JZthTM="
    },
    "glsl-turntable-camera": {
      "version": "1.0.0",
      "resolved": "https://registry.npmjs.org/glsl-turntable-camera/-/glsl-turntable-camera-1.0.0.tgz",
      "integrity": "sha1-qwdL6TrD9gN7mSg5ob7LujJFJG8=",
      "requires": {
        "glsl-camera-ray": "1.0.0",
        "glsl-square-frame": "1.0.1"
      }
    }
  }
}
